
Microsoft Visual Studio Solution File, Format Version 12.00
# Visual Studio Version 17
VisualStudioVersion = 17.0.32126.317
MinimumVisualStudioVersion = 10.0.40219.1
Project("{2150E333-8FDC-42A3-9474-1A3956D46DE8}") = "AFP.CORE", "AFP.CORE", "{0AC7E619-3C70-42FA-864F-A3E8F97AFB79}"
EndProject
Project("{2150E333-8FDC-42A3-9474-1A3956D46DE8}") = "AFP.Infrastructure", "AFP.Infrastructure", "{3C35BBF6-2F3B-4BC4-9BDE-0A1A9352BFE2}"
EndProject
Project("{2150E333-8FDC-42A3-9474-1A3956D46DE8}") = "AFP.WebApi", "AFP.WebApi", "{265D8C09-F286-4340-9311-D0827845861A}"
EndProject
Project("{2150E333-8FDC-42A3-9474-1A3956D46DE8}") = "AFP.WebApp", "AFP.WebApp", "{712C3937-7339-4AD0-AFBA-9C55B74215A9}"
EndProject
Project("{FAE04EC0-301F-11D3-BF4B-00C04F79EFBC}") = "AFP.Core", "AFP.Core\AFP.Core.csproj", "{FF4192E2-06D6-488F-B127-AC1DEEAE0FBA}"
EndProject
Project("{FAE04EC0-301F-11D3-BF4B-00C04F79EFBC}") = "AFP.Infrastructure", "AFP.Infrastructure\AFP.Infrastructure.csproj", "{EF4F462B-9F6A-4E18-9CE3-4918DB4EFE63}"
EndProject
Project("{FAE04EC0-301F-11D3-BF4B-00C04F79EFBC}") = "AFP.WebApi", "AFP.WebApi\AFP.WebApi.csproj", "{5EFDDD70-D0E7-45E3-A92E-A2BAAA75CEF4}"
EndProject
Project("{FAE04EC0-301F-11D3-BF4B-00C04F79EFBC}") = "AFP.WebApp", "AFP.WebApp\AFP.WebApp.csproj", "{641F2693-6D46-420B-BC61-51CB026804FD}"
EndProject
Global
	GlobalSection(SolutionConfigurationPlatforms) = preSolution
		Debug|Any CPU = Debug|Any CPU
		Release|Any CPU = Release|Any CPU
	EndGlobalSection
	GlobalSection(ProjectConfigurationPlatforms) = postSolution
		{FF4192E2-06D6-488F-B127-AC1DEEAE0FBA}.Debug|Any CPU.ActiveCfg = Debug|Any CPU
		{FF4192E2-06D6-488F-B127-AC1DEEAE0FBA}.Debug|Any CPU.Build.0 = Debug|Any CPU
		{FF4192E2-06D6-488F-B127-AC1DEEAE0FBA}.Release|Any CPU.ActiveCfg = Release|Any CPU
		{FF4192E2-06D6-488F-B127-AC1DEEAE0FBA}.Release|Any CPU.Build.0 = Release|Any CPU
		{EF4F462B-9F6A-4E18-9CE3-4918DB4EFE63}.Debug|Any CPU.ActiveCfg = Debug|Any CPU
		{EF4F462B-9F6A-4E18-9CE3-4918DB4EFE63}.Debug|Any CPU.Build.0 = Debug|Any CPU
		{EF4F462B-9F6A-4E18-9CE3-4918DB4EFE63}.Release|Any CPU.ActiveCfg = Release|Any CPU
		{EF4F462B-9F6A-4E18-9CE3-4918DB4EFE63}.Release|Any CPU.Build.0 = Release|Any CPU
		{5EFDDD70-D0E7-45E3-A92E-A2BAAA75CEF4}.Debug|Any CPU.ActiveCfg = Debug|Any CPU
		{5EFDDD70-D0E7-45E3-A92E-A2BAAA75CEF4}.Debug|Any CPU.Build.0 = Debug|Any CPU
		{5EFDDD70-D0E7-45E3-A92E-A2BAAA75CEF4}.Release|Any CPU.ActiveCfg = Release|Any CPU
		{5EFDDD70-D0E7-45E3-A92E-A2BAAA75CEF4}.Release|Any CPU.Build.0 = Release|Any CPU
		{641F2693-6D46-420B-BC61-51CB026804FD}.Debug|Any CPU.ActiveCfg = Debug|Any CPU
		{641F2693-6D46-420B-BC61-51CB026804FD}.Debug|Any CPU.Build.0 = Debug|Any CPU
		{641F2693-6D46-420B-BC61-51CB026804FD}.Release|Any CPU.ActiveCfg = Release|Any CPU
		{641F2693-6D46-420B-BC61-51CB026804FD}.Release|Any CPU.Build.0 = Release|Any CPU
	EndGlobalSection
	GlobalSection(SolutionProperties) = preSolution
		HideSolutionNode = FALSE
	EndGlobalSection
	GlobalSection(NestedProjects) = preSolution
		{FF4192E2-06D6-488F-B127-AC1DEEAE0FBA} = {0AC7E619-3C70-42FA-864F-A3E8F97AFB79}
		{EF4F462B-9F6A-4E18-9CE3-4918DB4EFE63} = {3C35BBF6-2F3B-4BC4-9BDE-0A1A9352BFE2}
		{5EFDDD70-D0E7-45E3-A92E-A2BAAA75CEF4} = {265D8C09-F286-4340-9311-D0827845861A}
		{641F2693-6D46-420B-BC61-51CB026804FD} = {712C3937-7339-4AD0-AFBA-9C55B74215A9}
	EndGlobalSection
	GlobalSection(ExtensibilityGlobals) = postSolution
		SolutionGuid = {1CA7DF70-A730-4C5D-A365-00E8FCC4D326}
	EndGlobalSection
EndGlobal
